
Microsoft Visual Studio Solution File, Format Version 12.00
# Visual Studio Version 17
VisualStudioVersion = 17.0.31903.59
MinimumVisualStudioVersion = 10.0.40219.1
Project("{FAE04EC0-301F-11D3-BF4B-00C04F79EFBC}") = "Nunit.Tests", "Nunit.Tests\Nunit.Tests.csproj", "{6A396FA8-6FE6-4EB4-B18A-8D83F14DF25E}"
EndProject
Project("{FAE04EC0-301F-11D3-BF4B-00C04F79EFBC}") = "PPM.DAL", "PPM.DAL\PPM.DAL.csproj", "{90AB2C84-B2DF-4918-A8F5-44BF3A5F3B89}"
EndProject
Project("{FAE04EC0-301F-11D3-BF4B-00C04F79EFBC}") = "PPM.DOMAIN", "PPM.DOMAIN\PPM.DOMAIN.csproj", "{C7B4C282-646B-404E-B9FC-1CBDDD6AB674}"
EndProject
Project("{FAE04EC0-301F-11D3-BF4B-00C04F79EFBC}") = "PPM.IEntityOperation", "PPM.IEntityOperation\PPM.IEntityOperation.csproj", "{3F6273B8-25D6-41EA-BC41-0D7981EFF086}"
EndProject
Project("{FAE04EC0-301F-11D3-BF4B-00C04F79EFBC}") = "PPM.MAIN", "PPM.MAIN\PPM.MAIN.csproj", "{D959BCC2-5289-4F6D-8E4B-62BB939D0899}"
EndProject
Project("{FAE04EC0-301F-11D3-BF4B-00C04F79EFBC}") = "PPM.MODEL", "PPM.MODEL\PPM.MODEL.csproj", "{66793FEE-5605-4BD4-8E6A-2484FA4FC623}"
EndProject
Project("{FAE04EC0-301F-11D3-BF4B-00C04F79EFBC}") = "PPM.UI", "PPM.UI\PPM.UI.csproj", "{5C7025E1-5B47-4C62-90C7-CEEE119EA9A8}"
EndProject
Project("{FAE04EC0-301F-11D3-BF4B-00C04F79EFBC}") = "PPM.API", "PPM.API\PPM.API.csproj", "{3B6A4A1C-D35E-4D75-9582-346A7CB0A287}"
EndProject
Global
	GlobalSection(SolutionProperties) = preSolution
		HideSolutionNode = FALSE
	EndGlobalSection
	GlobalSection(SolutionConfigurationPlatforms) = preSolution
		Debug|Any CPU = Debug|Any CPU
		Debug|x64 = Debug|x64
		Debug|x86 = Debug|x86
		Release|Any CPU = Release|Any CPU
		Release|x64 = Release|x64
		Release|x86 = Release|x86
	EndGlobalSection
	GlobalSection(ProjectConfigurationPlatforms) = postSolution
		{6A396FA8-6FE6-4EB4-B18A-8D83F14DF25E}.Debug|Any CPU.ActiveCfg = Debug|Any CPU
		{6A396FA8-6FE6-4EB4-B18A-8D83F14DF25E}.Debug|Any CPU.Build.0 = Debug|Any CPU
		{6A396FA8-6FE6-4EB4-B18A-8D83F14DF25E}.Debug|x64.ActiveCfg = Debug|Any CPU
		{6A396FA8-6FE6-4EB4-B18A-8D83F14DF25E}.Debug|x64.Build.0 = Debug|Any CPU
		{6A396FA8-6FE6-4EB4-B18A-8D83F14DF25E}.Debug|x86.ActiveCfg = Debug|Any CPU
		{6A396FA8-6FE6-4EB4-B18A-8D83F14DF25E}.Debug|x86.Build.0 = Debug|Any CPU
		{6A396FA8-6FE6-4EB4-B18A-8D83F14DF25E}.Release|Any CPU.ActiveCfg = Release|Any CPU
		{6A396FA8-6FE6-4EB4-B18A-8D83F14DF25E}.Release|Any CPU.Build.0 = Release|Any CPU
		{6A396FA8-6FE6-4EB4-B18A-8D83F14DF25E}.Release|x64.ActiveCfg = Release|Any CPU
		{6A396FA8-6FE6-4EB4-B18A-8D83F14DF25E}.Release|x64.Build.0 = Release|Any CPU
		{6A396FA8-6FE6-4EB4-B18A-8D83F14DF25E}.Release|x86.ActiveCfg = Release|Any CPU
		{6A396FA8-6FE6-4EB4-B18A-8D83F14DF25E}.Release|x86.Build.0 = Release|Any CPU
		{90AB2C84-B2DF-4918-A8F5-44BF3A5F3B89}.Debug|Any CPU.ActiveCfg = Debug|Any CPU
		{90AB2C84-B2DF-4918-A8F5-44BF3A5F3B89}.Debug|Any CPU.Build.0 = Debug|Any CPU
		{90AB2C84-B2DF-4918-A8F5-44BF3A5F3B89}.Debug|x64.ActiveCfg = Debug|Any CPU
		{90AB2C84-B2DF-4918-A8F5-44BF3A5F3B89}.Debug|x64.Build.0 = Debug|Any CPU
		{90AB2C84-B2DF-4918-A8F5-44BF3A5F3B89}.Debug|x86.ActiveCfg = Debug|Any CPU
		{90AB2C84-B2DF-4918-A8F5-44BF3A5F3B89}.Debug|x86.Build.0 = Debug|Any CPU
		{90AB2C84-B2DF-4918-A8F5-44BF3A5F3B89}.Release|Any CPU.ActiveCfg = Release|Any CPU
		{90AB2C84-B2DF-4918-A8F5-44BF3A5F3B89}.Release|Any CPU.Build.0 = Release|Any CPU
		{90AB2C84-B2DF-4918-A8F5-44BF3A5F3B89}.Release|x64.ActiveCfg = Release|Any CPU
		{90AB2C84-B2DF-4918-A8F5-44BF3A5F3B89}.Release|x64.Build.0 = Release|Any CPU
		{90AB2C84-B2DF-4918-A8F5-44BF3A5F3B89}.Release|x86.ActiveCfg = Release|Any CPU
		{90AB2C84-B2DF-4918-A8F5-44BF3A5F3B89}.Release|x86.Build.0 = Release|Any CPU
		{C7B4C282-646B-404E-B9FC-1CBDDD6AB674}.Debug|Any CPU.ActiveCfg = Debug|Any CPU
		{C7B4C282-646B-404E-B9FC-1CBDDD6AB674}.Debug|Any CPU.Build.0 = Debug|Any CPU
		{C7B4C282-646B-404E-B9FC-1CBDDD6AB674}.Debug|x64.ActiveCfg = Debug|Any CPU
		{C7B4C282-646B-404E-B9FC-1CBDDD6AB674}.Debug|x64.Build.0 = Debug|Any CPU
		{C7B4C282-646B-404E-B9FC-1CBDDD6AB674}.Debug|x86.ActiveCfg = Debug|Any CPU
		{C7B4C282-646B-404E-B9FC-1CBDDD6AB674}.Debug|x86.Build.0 = Debug|Any CPU
		{C7B4C282-646B-404E-B9FC-1CBDDD6AB674}.Release|Any CPU.ActiveCfg = Release|Any CPU
		{C7B4C282-646B-404E-B9FC-1CBDDD6AB674}.Release|Any CPU.Build.0 = Release|Any CPU
		{C7B4C282-646B-404E-B9FC-1CBDDD6AB674}.Release|x64.ActiveCfg = Release|Any CPU
		{C7B4C282-646B-404E-B9FC-1CBDDD6AB674}.Release|x64.Build.0 = Release|Any CPU
		{C7B4C282-646B-404E-B9FC-1CBDDD6AB674}.Release|x86.ActiveCfg = Release|Any CPU
		{C7B4C282-646B-404E-B9FC-1CBDDD6AB674}.Release|x86.Build.0 = Release|Any CPU
		{3F6273B8-25D6-41EA-BC41-0D7981EFF086}.Debug|Any CPU.ActiveCfg = Debug|Any CPU
		{3F6273B8-25D6-41EA-BC41-0D7981EFF086}.Debug|Any CPU.Build.0 = Debug|Any CPU
		{3F6273B8-25D6-41EA-BC41-0D7981EFF086}.Debug|x64.ActiveCfg = Debug|Any CPU
		{3F6273B8-25D6-41EA-BC41-0D7981EFF086}.Debug|x64.Build.0 = Debug|Any CPU
		{3F6273B8-25D6-41EA-BC41-0D7981EFF086}.Debug|x86.ActiveCfg = Debug|Any CPU
		{3F6273B8-25D6-41EA-BC41-0D7981EFF086}.Debug|x86.Build.0 = Debug|Any CPU
		{3F6273B8-25D6-41EA-BC41-0D7981EFF086}.Release|Any CPU.ActiveCfg = Release|Any CPU
		{3F6273B8-25D6-41EA-BC41-0D7981EFF086}.Release|Any CPU.Build.0 = Release|Any CPU
		{3F6273B8-25D6-41EA-BC41-0D7981EFF086}.Release|x64.ActiveCfg = Release|Any CPU
		{3F6273B8-25D6-41EA-BC41-0D7981EFF086}.Release|x64.Build.0 = Release|Any CPU
		{3F6273B8-25D6-41EA-BC41-0D7981EFF086}.Release|x86.ActiveCfg = Release|Any CPU
		{3F6273B8-25D6-41EA-BC41-0D7981EFF086}.Release|x86.Build.0 = Release|Any CPU
		{D959BCC2-5289-4F6D-8E4B-62BB939D0899}.Debug|Any CPU.ActiveCfg = Debug|Any CPU
		{D959BCC2-5289-4F6D-8E4B-62BB939D0899}.Debug|Any CPU.Build.0 = Debug|Any CPU
		{D959BCC2-5289-4F6D-8E4B-62BB939D0899}.Debug|x64.ActiveCfg = Debug|Any CPU
		{D959BCC2-5289-4F6D-8E4B-62BB939D0899}.Debug|x64.Build.0 = Debug|Any CPU
		{D959BCC2-5289-4F6D-8E4B-62BB939D0899}.Debug|x86.ActiveCfg = Debug|Any CPU
		{D959BCC2-5289-4F6D-8E4B-62BB939D0899}.Debug|x86.Build.0 = Debug|Any CPU
		{D959BCC2-5289-4F6D-8E4B-62BB939D0899}.Release|Any CPU.ActiveCfg = Release|Any CPU
		{D959BCC2-5289-4F6D-8E4B-62BB939D0899}.Release|Any CPU.Build.0 = Release|Any CPU
		{D959BCC2-5289-4F6D-8E4B-62BB939D0899}.Release|x64.ActiveCfg = Release|Any CPU
		{D959BCC2-5289-4F6D-8E4B-62BB939D0899}.Release|x64.Build.0 = Release|Any CPU
		{D959BCC2-5289-4F6D-8E4B-62BB939D0899}.Release|x86.ActiveCfg = Release|Any CPU
		{D959BCC2-5289-4F6D-8E4B-62BB939D0899}.Release|x86.Build.0 = Release|Any CPU
		{66793FEE-5605-4BD4-8E6A-2484FA4FC623}.Debug|Any CPU.ActiveCfg = Debug|Any CPU
		{66793FEE-5605-4BD4-8E6A-2484FA4FC623}.Debug|Any CPU.Build.0 = Debug|Any CPU
		{66793FEE-5605-4BD4-8E6A-2484FA4FC623}.Debug|x64.ActiveCfg = Debug|Any CPU
		{66793FEE-5605-4BD4-8E6A-2484FA4FC623}.Debug|x64.Build.0 = Debug|Any CPU
		{66793FEE-5605-4BD4-8E6A-2484FA4FC623}.Debug|x86.ActiveCfg = Debug|Any CPU
		{66793FEE-5605-4BD4-8E6A-2484FA4FC623}.Debug|x86.Build.0 = Debug|Any CPU
		{66793FEE-5605-4BD4-8E6A-2484FA4FC623}.Release|Any CPU.ActiveCfg = Release|Any CPU
		{66793FEE-5605-4BD4-8E6A-2484FA4FC623}.Release|Any CPU.Build.0 = Release|Any CPU
		{66793FEE-5605-4BD4-8E6A-2484FA4FC623}.Release|x64.ActiveCfg = Release|Any CPU
		{66793FEE-5605-4BD4-8E6A-2484FA4FC623}.Release|x64.Build.0 = Release|Any CPU
		{66793FEE-5605-4BD4-8E6A-2484FA4FC623}.Release|x86.ActiveCfg = Release|Any CPU
		{66793FEE-5605-4BD4-8E6A-2484FA4FC623}.Release|x86.Build.0 = Release|Any CPU
		{5C7025E1-5B47-4C62-90C7-CEEE119EA9A8}.Debug|Any CPU.ActiveCfg = Debug|Any CPU
		{5C7025E1-5B47-4C62-90C7-CEEE119EA9A8}.Debug|Any CPU.Build.0 = Debug|Any CPU
		{5C7025E1-5B47-4C62-90C7-CEEE119EA9A8}.Debug|x64.ActiveCfg = Debug|Any CPU
		{5C7025E1-5B47-4C62-90C7-CEEE119EA9A8}.Debug|x64.Build.0 = Debug|Any CPU
		{5C7025E1-5B47-4C62-90C7-CEEE119EA9A8}.Debug|x86.ActiveCfg = Debug|Any CPU
		{5C7025E1-5B47-4C62-90C7-CEEE119EA9A8}.Debug|x86.Build.0 = Debug|Any CPU
		{5C7025E1-5B47-4C62-90C7-CEEE119EA9A8}.Release|Any CPU.ActiveCfg = Release|Any CPU
		{5C7025E1-5B47-4C62-90C7-CEEE119EA9A8}.Release|Any CPU.Build.0 = Release|Any CPU
		{5C7025E1-5B47-4C62-90C7-CEEE119EA9A8}.Release|x64.ActiveCfg = Release|Any CPU
		{5C7025E1-5B47-4C62-90C7-CEEE119EA9A8}.Release|x64.Build.0 = Release|Any CPU
		{5C7025E1-5B47-4C62-90C7-CEEE119EA9A8}.Release|x86.ActiveCfg = Release|Any CPU
		{5C7025E1-5B47-4C62-90C7-CEEE119EA9A8}.Release|x86.Build.0 = Release|Any CPU
		{3B6A4A1C-D35E-4D75-9582-346A7CB0A287}.Debug|Any CPU.ActiveCfg = Debug|Any CPU
		{3B6A4A1C-D35E-4D75-9582-346A7CB0A287}.Debug|Any CPU.Build.0 = Debug|Any CPU
		{3B6A4A1C-D35E-4D75-9582-346A7CB0A287}.Debug|x64.ActiveCfg = Debug|Any CPU
		{3B6A4A1C-D35E-4D75-9582-346A7CB0A287}.Debug|x64.Build.0 = Debug|Any CPU
		{3B6A4A1C-D35E-4D75-9582-346A7CB0A287}.Debug|x86.ActiveCfg = Debug|Any CPU
		{3B6A4A1C-D35E-4D75-9582-346A7CB0A287}.Debug|x86.Build.0 = Debug|Any CPU
		{3B6A4A1C-D35E-4D75-9582-346A7CB0A287}.Release|Any CPU.ActiveCfg = Release|Any CPU
		{3B6A4A1C-D35E-4D75-9582-346A7CB0A287}.Release|Any CPU.Build.0 = Release|Any CPU
		{3B6A4A1C-D35E-4D75-9582-346A7CB0A287}.Release|x64.ActiveCfg = Release|Any CPU
		{3B6A4A1C-D35E-4D75-9582-346A7CB0A287}.Release|x64.Build.0 = Release|Any CPU
		{3B6A4A1C-D35E-4D75-9582-346A7CB0A287}.Release|x86.ActiveCfg = Release|Any CPU
		{3B6A4A1C-D35E-4D75-9582-346A7CB0A287}.Release|x86.Build.0 = Release|Any CPU
	EndGlobalSection
EndGlobal
